{
    "_readme": [
        "This file locks the dependencies of your project to a known state",
        "Read more about it at https://getcomposer.org/doc/01-basic-usage.md#installing-dependencies",
        "This file is @generated automatically"
    ],
    "content-hash": "22990c4c8480ed0a82da39e631c7da35",
    "packages": [],
    "packages-dev": [
        {
            "name": "swoole/ide-helper",
            "version": "4.8.5",
            "source": {
                "type": "git",
                "url": "https://github.com/swoole/ide-helper.git",
                "reference": "d03c707d4dc803228e93b4884c72949c4d28e8b8"
            },
            "dist": {
                "type": "zip",
                "url": "https://api.github.com/repos/swoole/ide-helper/zipball/d03c707d4dc803228e93b4884c72949c4d28e8b8",
                "reference": "d03c707d4dc803228e93b4884c72949c4d28e8b8",
                "shasum": ""
            },
            "type": "library",
            "notification-url": "https://packagist.org/downloads/",
            "license": [
                "Apache-2.0"
            ],
            "authors": [
                {
                    "name": "Team Swoole",
                    "email": "team@swoole.com"
                }
            ],
            "description": "IDE help files for Swoole.",
            "support": {
                "issues": "https://github.com/swoole/ide-helper/issues",
                "source": "https://github.com/swoole/ide-helper/tree/4.8.5"
            },
            "funding": [
                {
                    "url": "https://gitee.com/swoole/swoole?donate=true",
                    "type": "custom"
                },
                {
                    "url": "https://github.com/swoole",
                    "type": "github"
                }
            ],
            "time": "2021-12-24T22:44:20+00:00"
        }
    ],
    "aliases": [],
    "minimum-stability": "stable",
    "stability-flags": [],
    "prefer-stable": false,
    "prefer-lowest": false,
    "platform": [],
    "platform-dev": [],
    "plugin-api-version": "2.1.0"
}
